
Microsoft Visual Studio Solution File, Format Version 12.00
# Visual Studio Version 18
VisualStudioVersion = 18.0.11222.15 d18.0
MinimumVisualStudioVersion = 10.0.40219.1
Project("{FAE04EC0-301F-11D3-BF4B-00C04F79EFBC}") = "Pokemon-API-Lookup", "Pokemon\Pokemon-API-Lookup.csproj", "{17A74FA6-F308-41A2-AA0D-57E06799900B}"
EndProject
Project("{FAE04EC0-301F-11D3-BF4B-00C04F79EFBC}") = "Pokemon-Hardcoded-Lookup", "Pokemon-Hardcoded-Lookup\Pokemon-Hardcoded-Lookup.csproj", "{42E1C8B2-2133-49A7-91CB-C94AAD1A557E}"
EndProject
Global
	GlobalSection(SolutionConfigurationPlatforms) = preSolution
		Debug|Any CPU = Debug|Any CPU
		Release|Any CPU = Release|Any CPU
	EndGlobalSection
	GlobalSection(ProjectConfigurationPlatforms) = postSolution
		{17A74FA6-F308-41A2-AA0D-57E06799900B}.Debug|Any CPU.ActiveCfg = Debug|Any CPU
		{17A74FA6-F308-41A2-AA0D-57E06799900B}.Debug|Any CPU.Build.0 = Debug|Any CPU
		{17A74FA6-F308-41A2-AA0D-57E06799900B}.Release|Any CPU.ActiveCfg = Release|Any CPU
		{17A74FA6-F308-41A2-AA0D-57E06799900B}.Release|Any CPU.Build.0 = Release|Any CPU
		{42E1C8B2-2133-49A7-91CB-C94AAD1A557E}.Debug|Any CPU.ActiveCfg = Debug|Any CPU
		{42E1C8B2-2133-49A7-91CB-C94AAD1A557E}.Debug|Any CPU.Build.0 = Debug|Any CPU
		{42E1C8B2-2133-49A7-91CB-C94AAD1A557E}.Release|Any CPU.ActiveCfg = Release|Any CPU
		{42E1C8B2-2133-49A7-91CB-C94AAD1A557E}.Release|Any CPU.Build.0 = Release|Any CPU
	EndGlobalSection
	GlobalSection(SolutionProperties) = preSolution
		HideSolutionNode = FALSE
	EndGlobalSection
	GlobalSection(ExtensibilityGlobals) = postSolution
		SolutionGuid = {D9E42648-432A-47F8-9B3C-1BFD9DB0A4D7}
	EndGlobalSection
EndGlobal
